{
  "name": "gotom_adcp_mcp_ui",
  "version": "0.0.1",
  "lockfileVersion": 3,
  "requires": true,
  "packages": {
    "": {
      "name": "gotom_adcp_mcp_ui",
      "version": "0.0.1",
      "license": "ISC",
      "dependencies": {
        "@ai-sdk/anthropic": "^3.0.54",
        "@ai-sdk/mcp": "^1.0.23",
        "@ai-sdk/openai": "^3.0.37",
        "ai": "^6.0.105",
        "node-cache": "^5.1.2"
      }
    },
    "node_modules/@ai-sdk/anthropic": {
      "version": "3.0.93",
      "resolved": "https://registry.npmjs.org/@ai-sdk/anthropic/-/anthropic-3.0.93.tgz",
      "integrity": "sha512-RHLRn6TIfxvUOZyVztfWFSnYMZrmoUmqtaHCP2sWmWSLQkRZTOqD97PLk+oZdod5BQGAcSgzqVz8OTaXTADwcQ==",
      "dependencies": {
        "@ai-sdk/provider": "3.0.13",
        "@ai-sdk/provider-utils": "4.0.35"
      },
      "engines": {
        "node": ">=18"
      },
      "peerDependencies": {
        "zod": "^3.25.76 || ^4.1.8"
      }
    },
    "node_modules/@ai-sdk/gateway": {
      "version": "3.0.143",
      "resolved": "https://registry.npmjs.org/@ai-sdk/gateway/-/gateway-3.0.143.tgz",
      "integrity": "sha512-RCH60KsUaNiZkI/fBuyau4yvYrVBIEgAcN+Ain94QpL1kVm28GduQzFKfGffAiJU2We0ZrmN4BHkoCZzACK96Q==",
      "dependencies": {
        "@ai-sdk/provider": "3.0.13",
        "@ai-sdk/provider-utils": "4.0.35",
        "@vercel/oidc": "3.2.0"
      },
      "engines": {
        "node": ">=18"
      },
      "peerDependencies": {
        "zod": "^3.25.76 || ^4.1.8"
      }
    },
    "node_modules/@ai-sdk/mcp": {
      "version": "1.0.58",
      "resolved": "https://registry.npmjs.org/@ai-sdk/mcp/-/mcp-1.0.58.tgz",
      "integrity": "sha512-9Rglb6acqh+yNS8sLbRDBrS4SPHiJYRCBZJ2r7lYfzJx0UtccB/kBxnK7kvYA3Nuwn0eG7m/lLf0s0WP4kAHYw==",
      "dependencies": {
        "@ai-sdk/provider": "3.0.13",
        "@ai-sdk/provider-utils": "4.0.35",
        "pkce-challenge": "^5.0.0"
      },
      "engines": {
        "node": ">=18"
      },
      "peerDependencies": {
        "zod": "^3.25.76 || ^4.1.8"
      }
    },
    "node_modules/@ai-sdk/openai": {
      "version": "3.0.80",
      "resolved": "https://registry.npmjs.org/@ai-sdk/openai/-/openai-3.0.80.tgz",
      "integrity": "sha512-u3EfYbBG4YS/U2eOGH0yv8lPRwDj25X3sTluUKMYEwOLTZzWYv0IPtrpO7tPEra0QU4oq5Gpg49/FGFSrzE4vA==",
      "dependencies": {
        "@ai-sdk/provider": "3.0.13",
        "@ai-sdk/provider-utils": "4.0.35"
      },
      "engines": {
        "node": ">=18"
      },
      "peerDependencies": {
        "zod": "^3.25.76 || ^4.1.8"
      }
    },
    "node_modules/@ai-sdk/provider": {
      "version": "3.0.13",
      "resolved": "https://registry.npmjs.org/@ai-sdk/provider/-/provider-3.0.13.tgz",
      "integrity": "sha512-ZPtVYt5QIJzOta1kdUiDuCx4HhFkvNPv/rvmZ2b1iXwybYjJsCnNYR4PAw4kW7rgVfDARvHXcU64efWuqNp6bw==",
      "dependencies": {
        "json-schema": "^0.4.0"
      },
      "engines": {
        "node": ">=18"
      }
    },
    "node_modules/@ai-sdk/provider-utils": {
      "version": "4.0.35",
      "resolved": "https://registry.npmjs.org/@ai-sdk/provider-utils/-/provider-utils-4.0.35.tgz",
      "integrity": "sha512-bjYld/2KGPLt78kpqbya+fD4LYS7BqVQJyUjE3qAHrYB0FR2Q90BaWEVIBZaguTWXf/A8L6uG1zO1v9TxVlGWg==",
      "dependencies": {
        "@ai-sdk/provider": "3.0.13",
        "@standard-schema/spec": "^1.1.0",
        "eventsource-parser": "^3.0.8"
      },
      "engines": {
        "node": ">=18"
      },
      "peerDependencies": {
        "zod": "^3.25.76 || ^4.1.8"
      }
    },
    "node_modules/@opentelemetry/api": {
      "version": "1.9.1",
      "resolved": "https://registry.npmjs.org/@opentelemetry/api/-/api-1.9.1.tgz",
      "integrity": "sha512-gLyJlPHPZYdAk1JENA9LeHejZe1Ti77/pTeFm/nMXmQH/HFZlcS/O2XJB+L8fkbrNSqhdtlvjBVjxwUYanNH5Q==",
      "engines": {
        "node": ">=8.0.0"
      }
    },
    "node_modules/@standard-schema/spec": {
      "version": "1.1.0",
      "resolved": "https://registry.npmjs.org/@standard-schema/spec/-/spec-1.1.0.tgz",
      "integrity": "sha512-l2aFy5jALhniG5HgqrD6jXLi/rUWrKvqN/qJx6yoJsgKhblVd+iqqU4RCXavm/jPityDo5TCvKMnpjKnOriy0w=="
    },
    "node_modules/@vercel/oidc": {
      "version": "3.2.0",
      "resolved": "https://registry.npmjs.org/@vercel/oidc/-/oidc-3.2.0.tgz",
      "integrity": "sha512-UycprH3T6n3jH0k44NHMa7pnFHGu/N05MjojYr+Mc6I7obkoLIJujSWwin1pCvdy/eOxrI/l3uDLQsmcrOb4ug==",
      "engines": {
        "node": ">= 20"
      }
    },
    "node_modules/ai": {
      "version": "6.0.219",
      "resolved": "https://registry.npmjs.org/ai/-/ai-6.0.219.tgz",
      "integrity": "sha512-rtTDz99Rc9HsstSJ7YdO8DX7DQwS442N2vQ5jOopXDdo4qfkLrtIRpORdztFMOZxX/XjBzHRlvqF6eMg3cpyLA==",
      "dependencies": {
        "@ai-sdk/gateway": "3.0.143",
        "@ai-sdk/provider": "3.0.13",
        "@ai-sdk/provider-utils": "4.0.35",
        "@opentelemetry/api": "^1.9.0"
      },
      "engines": {
        "node": ">=18"
      },
      "peerDependencies": {
        "zod": "^3.25.76 || ^4.1.8"
      }
    },
    "node_modules/clone": {
      "version": "2.1.2",
      "resolved": "https://registry.npmjs.org/clone/-/clone-2.1.2.tgz",
      "integrity": "sha512-3Pe/CF1Nn94hyhIYpjtiLhdCoEoz0DqQ+988E9gmeEdQZlojxnOb74wctFyuwWQHzqyf9X7C7MG8juUpqBJT8w==",
      "engines": {
        "node": ">=0.8"
      }
    },
    "node_modules/eventsource-parser": {
      "version": "3.1.0",
      "resolved": "https://registry.npmjs.org/eventsource-parser/-/eventsource-parser-3.1.0.tgz",
      "integrity": "sha512-kJezFj9YFAMLeORyi7aCLxLbD5/qWMQnoMVlVPyHIll7lgRJCc3JVln9Vgl9nwQi0YkMnhdGTMNn7CkRRAptMg==",
      "engines": {
        "node": ">=18.0.0"
      }
    },
    "node_modules/json-schema": {
      "version": "0.4.0",
      "resolved": "https://registry.npmjs.org/json-schema/-/json-schema-0.4.0.tgz",
      "integrity": "sha512-es94M3nTIfsEPisRafak+HDLfHXnKBhV3vU5eqPcS3flIWqcxJWgXHXiey3YrpaNsanY5ei1VoYEbOzijuq9BA=="
    },
    "node_modules/node-cache": {
      "version": "5.1.2",
      "resolved": "https://registry.npmjs.org/node-cache/-/node-cache-5.1.2.tgz",
      "integrity": "sha512-t1QzWwnk4sjLWaQAS8CHgOJ+RAfmHpxFWmc36IWTiWHQfs0w5JDMBS1b1ZxQteo0vVVuWJvIUKHDkkeK7vIGCg==",
      "dependencies": {
        "clone": "2.x"
      },
      "engines": {
        "node": ">= 8.0.0"
      }
    },
    "node_modules/pkce-challenge": {
      "version": "5.0.1",
      "resolved": "https://registry.npmjs.org/pkce-challenge/-/pkce-challenge-5.0.1.tgz",
      "integrity": "sha512-wQ0b/W4Fr01qtpHlqSqspcj3EhBvimsdh0KlHhH8HRZnMsEa0ea2fTULOXOS9ccQr3om+GcGRk4e+isrZWV8qQ==",
      "engines": {
        "node": ">=16.20.0"
      }
    },
    "node_modules/zod": {
      "version": "4.4.3",
      "resolved": "https://registry.npmjs.org/zod/-/zod-4.4.3.tgz",
      "integrity": "sha512-ytENFjIJFl2UwYglde2jchW2Hwm4GJFLDiSXWdTrJQBIN9Fcyp7n4DhxJEiWNAJMV1/BqWfW/kkg71UDcHJyTQ==",
      "peer": true,
      "funding": {
        "url": "https://github.com/sponsors/colinhacks"
      }
    }
  }
}
